// !$*UTF8*$!
{
	archiveVersion = 1;
	classes = {
	};
	objectVersion = 56;
	objects = {

/* Begin PBXBuildFile section */
		63C43ED42A3CE5B800013568 /* SDWebImage in Frameworks */ = {isa = PBXBuildFile; productRef = 63C43ED32A3CE5B800013568 /* SDWebImage */; };
		63D16B3B2A2F10C300A730D3 /* AppDelegate.swift in Sources */ = {isa = PBXBuildFile; fileRef = 63D16B3A2A2F10C300A730D3 /* AppDelegate.swift */; };
		63D16B3D2A2F10C300A730D3 /* SceneDelegate.swift in Sources */ = {isa = PBXBuildFile; fileRef = 63D16B3C2A2F10C300A730D3 /* SceneDelegate.swift */; };
		63D16B3F2A2F10C300A730D3 /* SearchViewController.swift in Sources */ = {isa = PBXBuildFile; fileRef = 63D16B3E2A2F10C300A730D3 /* SearchViewController.swift */; };
		63D16B452A2F10C300A730D3 /* MusicApp.xcdatamodeld in Sources */ = {isa = PBXBuildFile; fileRef = 63D16B432A2F10C300A730D3 /* MusicApp.xcdatamodeld */; };
		63D16B472A2F10C400A730D3 /* Assets.xcassets in Resources */ = {isa = PBXBuildFile; fileRef = 63D16B462A2F10C400A730D3 /* Assets.xcassets */; };
		63D16B4A2A2F10C400A730D3 /* LaunchScreen.storyboard in Resources */ = {isa = PBXBuildFile; fileRef = 63D16B482A2F10C400A730D3 /* LaunchScreen.storyboard */; };
		63D16B552A2F10C400A730D3 /* MusicAppTests.swift in Sources */ = {isa = PBXBuildFile; fileRef = 63D16B542A2F10C400A730D3 /* MusicAppTests.swift */; };
		63D16B5F2A2F10C400A730D3 /* MusicAppUITests.swift in Sources */ = {isa = PBXBuildFile; fileRef = 63D16B5E2A2F10C400A730D3 /* MusicAppUITests.swift */; };
		63D16B612A2F10C400A730D3 /* MusicAppUITestsLaunchTests.swift in Sources */ = {isa = PBXBuildFile; fileRef = 63D16B602A2F10C400A730D3 /* MusicAppUITestsLaunchTests.swift */; };
		63D16B732A2FA43C00A730D3 /* CollectionView+Extension.swift in Sources */ = {isa = PBXBuildFile; fileRef = 63D16B722A2FA43C00A730D3 /* CollectionView+Extension.swift */; };
		63D16B752A2FA65E00A730D3 /* UICollectionViewCell+Extension.swift in Sources */ = {isa = PBXBuildFile; fileRef = 63D16B742A2FA65E00A730D3 /* UICollectionViewCell+Extension.swift */; };
		63D16B782A2FA88C00A730D3 /* MusicAPI in Frameworks */ = {isa = PBXBuildFile; productRef = 63D16B772A2FA88C00A730D3 /* MusicAPI */; };
		63D16B7E2A30B6D700A730D3 /* SearchCell.swift in Sources */ = {isa = PBXBuildFile; fileRef = 63D16B7C2A30B6D700A730D3 /* SearchCell.swift */; };
		63D16B8B2A3121CB00A730D3 /* SearchInteractor.swift in Sources */ = {isa = PBXBuildFile; fileRef = 63D16B8A2A3121CB00A730D3 /* SearchInteractor.swift */; };
		63D16B8D2A31264800A730D3 /* SearchPresenter.swift in Sources */ = {isa = PBXBuildFile; fileRef = 63D16B8C2A31264800A730D3 /* SearchPresenter.swift */; };
		63D16B8F2A3126D900A730D3 /* SearchRouter.swift in Sources */ = {isa = PBXBuildFile; fileRef = 63D16B8E2A3126D900A730D3 /* SearchRouter.swift */; };
		63D16B922A31F33000A730D3 /* SDWebImage in Frameworks */ = {isa = PBXBuildFile; productRef = 63D16B912A31F33000A730D3 /* SDWebImage */; };
		63D16B9A2A33726400A730D3 /* DetailViewController.swift in Sources */ = {isa = PBXBuildFile; fileRef = 63D16B982A33726400A730D3 /* DetailViewController.swift */; };
		63D16B9B2A33726400A730D3 /* DetailViewController.xib in Resources */ = {isa = PBXBuildFile; fileRef = 63D16B992A33726400A730D3 /* DetailViewController.xib */; };
		63D16B9F2A33C34800A730D3 /* DetailInteractor.swift in Sources */ = {isa = PBXBuildFile; fileRef = 63D16B9E2A33C34800A730D3 /* DetailInteractor.swift */; };
		63D16BA22A33C4E200A730D3 /* DetailPresenter.swift in Sources */ = {isa = PBXBuildFile; fileRef = 63D16BA12A33C4E200A730D3 /* DetailPresenter.swift */; };
		63D16BA52A33C54000A730D3 /* DetailRouter.swift in Sources */ = {isa = PBXBuildFile; fileRef = 63D16BA42A33C54000A730D3 /* DetailRouter.swift */; };
		63D16BA82A34484B00A730D3 /* BaseViewController.swift in Sources */ = {isa = PBXBuildFile; fileRef = 63D16BA72A34484B00A730D3 /* BaseViewController.swift */; };
		63D16BAE2A3601ED00A730D3 /* ClassName+Extensions.swift in Sources */ = {isa = PBXBuildFile; fileRef = 63D16BAD2A3601ED00A730D3 /* ClassName+Extensions.swift */; };
		63D16BB02A36029200A730D3 /* Collection+Extensions.swift in Sources */ = {isa = PBXBuildFile; fileRef = 63D16BAF2A36029200A730D3 /* Collection+Extensions.swift */; };
		63D16BB22A3602E800A730D3 /* UICollectionView+Extensions.swift in Sources */ = {isa = PBXBuildFile; fileRef = 63D16BB12A3602E800A730D3 /* UICollectionView+Extensions.swift */; };
		63D16BB42A36048900A730D3 /* SearchCellPresenter.swift in Sources */ = {isa = PBXBuildFile; fileRef = 63D16BB32A36048900A730D3 /* SearchCellPresenter.swift */; };
		63D16BB52A38399400A730D3 /* Main.storyboard in Resources */ = {isa = PBXBuildFile; fileRef = 63D16B402A2F10C300A730D3 /* Main.storyboard */; };
/* End PBXBuildFile section */

/* Begin PBXContainerItemProxy section */
		63D16B512A2F10C400A730D3 /* PBXContainerItemProxy */ = {
			isa = PBXContainerItemProxy;
			containerPortal = 63D16B2F2A2F10C300A730D3 /* Project object */;
			proxyType = 1;
			remoteGlobalIDString = 63D16B362A2F10C300A730D3;
			remoteInfo = MusicApp;
		};
		63D16B5B2A2F10C400A730D3 /* PBXContainerItemProxy */ = {
			isa = PBXContainerItemProxy;
			containerPortal = 63D16B2F2A2F10C300A730D3 /* Project object */;
			proxyType = 1;
			remoteGlobalIDString = 63D16B362A2F10C300A730D3;
			remoteInfo = MusicApp;
		};
/* End PBXContainerItemProxy section */

/* Begin PBXFileReference section */
		63D16B372A2F10C300A730D3 /* MusicApp.app */ = {isa = PBXFileReference; explicitFileType = wrapper.application; includeInIndex = 0; path = MusicApp.app; sourceTree = BUILT_PRODUCTS_DIR; };
		63D16B3A2A2F10C300A730D3 /* AppDelegate.swift */ = {isa = PBXFileReference; lastKnownFileType = sourcecode.swift; path = AppDelegate.swift; sourceTree = "<group>"; };
		63D16B3C2A2F10C300A730D3 /* SceneDelegate.swift */ = {isa = PBXFileReference; lastKnownFileType = sourcecode.swift; path = SceneDelegate.swift; sourceTree = "<group>"; };
		63D16B3E2A2F10C300A730D3 /* SearchViewController.swift */ = {isa = PBXFileReference; lastKnownFileType = sourcecode.swift; path = SearchViewController.swift; sourceTree = "<group>"; };
		63D16B412A2F10C300A730D3 /* Base */ = {isa = PBXFileReference; lastKnownFileType = file.storyboard; name = Base; path = Base.lproj/Main.storyboard; sourceTree = "<group>"; };
		63D16B442A2F10C300A730D3 /* MusicApp.xcdatamodel */ = {isa = PBXFileReference; lastKnownFileType = wrapper.xcdatamodel; path = MusicApp.xcdatamodel; sourceTree = "<group>"; };
		63D16B462A2F10C400A730D3 /* Assets.xcassets */ = {isa = PBXFileReference; lastKnownFileType = folder.assetcatalog; path = Assets.xcassets; sourceTree = "<group>"; };
		63D16B492A2F10C400A730D3 /* Base */ = {isa = PBXFileReference; lastKnownFileType = file.storyboard; name = Base; path = Base.lproj/LaunchScreen.storyboard; sourceTree = "<group>"; };
		63D16B4B2A2F10C400A730D3 /* Info.plist */ = {isa = PBXFileReference; lastKnownFileType = text.plist.xml; path = Info.plist; sourceTree = "<group>"; };
		63D16B502A2F10C400A730D3 /* MusicAppTests.xctest */ = {isa = PBXFileReference; explicitFileType = wrapper.cfbundle; includeInIndex = 0; path = MusicAppTests.xctest; sourceTree = BUILT_PRODUCTS_DIR; };
		63D16B542A2F10C400A730D3 /* MusicAppTests.swift */ = {isa = PBXFileReference; lastKnownFileType = sourcecode.swift; path = MusicAppTests.swift; sourceTree = "<group>"; };
		63D16B5A2A2F10C400A730D3 /* MusicAppUITests.xctest */ = {isa = PBXFileReference; explicitFileType = wrapper.cfbundle; includeInIndex = 0; path = MusicAppUITests.xctest; sourceTree = BUILT_PRODUCTS_DIR; };
		63D16B5E2A2F10C400A730D3 /* MusicAppUITests.swift */ = {isa = PBXFileReference; lastKnownFileType = sourcecode.swift; path = MusicAppUITests.swift; sourceTree = "<group>"; };
		63D16B602A2F10C400A730D3 /* MusicAppUITestsLaunchTests.swift */ = {isa = PBXFileReference; lastKnownFileType = sourcecode.swift; path = MusicAppUITestsLaunchTests.swift; sourceTree = "<group>"; };
		63D16B6D2A2F3AF000A730D3 /* MusicAPI */ = {isa = PBXFileReference; lastKnownFileType = wrapper; path = MusicAPI; sourceTree = "<group>"; };
		63D16B722A2FA43C00A730D3 /* CollectionView+Extension.swift */ = {isa = PBXFileReference; lastKnownFileType = sourcecode.swift; path = "CollectionView+Extension.swift"; sourceTree = "<group>"; };
		63D16B742A2FA65E00A730D3 /* UICollectionViewCell+Extension.swift */ = {isa = PBXFileReference; lastKnownFileType = sourcecode.swift; path = "UICollectionViewCell+Extension.swift"; sourceTree = "<group>"; };
		63D16B7C2A30B6D700A730D3 /* SearchCell.swift */ = {isa = PBXFileReference; lastKnownFileType = sourcecode.swift; path = SearchCell.swift; sourceTree = "<group>"; };
		63D16B8A2A3121CB00A730D3 /* SearchInteractor.swift */ = {isa = PBXFileReference; lastKnownFileType = sourcecode.swift; path = SearchInteractor.swift; sourceTree = "<group>"; };
		63D16B8C2A31264800A730D3 /* SearchPresenter.swift */ = {isa = PBXFileReference; lastKnownFileType = sourcecode.swift; path = SearchPresenter.swift; sourceTree = "<group>"; };
		63D16B8E2A3126D900A730D3 /* SearchRouter.swift */ = {isa = PBXFileReference; lastKnownFileType = sourcecode.swift; path = SearchRouter.swift; sourceTree = "<group>"; };
		63D16B982A33726400A730D3 /* DetailViewController.swift */ = {isa = PBXFileReference; lastKnownFileType = sourcecode.swift; path = DetailViewController.swift; sourceTree = "<group>"; };
		63D16B992A33726400A730D3 /* DetailViewController.xib */ = {isa = PBXFileReference; lastKnownFileType = file.xib; path = DetailViewController.xib; sourceTree = "<group>"; };
		63D16B9E2A33C34800A730D3 /* DetailInteractor.swift */ = {isa = PBXFileReference; lastKnownFileType = sourcecode.swift; path = DetailInteractor.swift; sourceTree = "<group>"; };
		63D16BA12A33C4E200A730D3 /* DetailPresenter.swift */ = {isa = PBXFileReference; lastKnownFileType = sourcecode.swift; path = DetailPresenter.swift; sourceTree = "<group>"; };
		63D16BA42A33C54000A730D3 /* DetailRouter.swift */ = {isa = PBXFileReference; lastKnownFileType = sourcecode.swift; path = DetailRouter.swift; sourceTree = "<group>"; };
		63D16BA72A34484B00A730D3 /* BaseViewController.swift */ = {isa = PBXFileReference; lastKnownFileType = sourcecode.swift; path = BaseViewController.swift; sourceTree = "<group>"; };
		63D16BAD2A3601ED00A730D3 /* ClassName+Extensions.swift */ = {isa = PBXFileReference; lastKnownFileType = sourcecode.swift; path = "ClassName+Extensions.swift"; sourceTree = "<group>"; };
		63D16BAF2A36029200A730D3 /* Collection+Extensions.swift */ = {isa = PBXFileReference; lastKnownFileType = sourcecode.swift; path = "Collection+Extensions.swift"; sourceTree = "<group>"; };
		63D16BB12A3602E800A730D3 /* UICollectionView+Extensions.swift */ = {isa = PBXFileReference; lastKnownFileType = sourcecode.swift; path = "UICollectionView+Extensions.swift"; sourceTree = "<group>"; };
		63D16BB32A36048900A730D3 /* SearchCellPresenter.swift */ = {isa = PBXFileReference; lastKnownFileType = sourcecode.swift; path = SearchCellPresenter.swift; sourceTree = "<group>"; };
/* End PBXFileReference section */

/* Begin PBXFrameworksBuildPhase section */
		63D16B342A2F10C300A730D3 /* Frameworks */ = {
			isa = PBXFrameworksBuildPhase;
			buildActionMask = 2147483647;
			files = (
				63D16B922A31F33000A730D3 /* SDWebImage in Frameworks */,
				63D16B782A2FA88C00A730D3 /* MusicAPI in Frameworks */,
			);
			runOnlyForDeploymentPostprocessing = 0;
		};
		63D16B4D2A2F10C400A730D3 /* Frameworks */ = {
			isa = PBXFrameworksBuildPhase;
			buildActionMask = 2147483647;
			files = (
				63C43ED42A3CE5B800013568 /* SDWebImage in Frameworks */,
			);
			runOnlyForDeploymentPostprocessing = 0;
		};
		63D16B572A2F10C400A730D3 /* Frameworks */ = {
			isa = PBXFrameworksBuildPhase;
			buildActionMask = 2147483647;
			files = (
			);
			runOnlyForDeploymentPostprocessing = 0;
		};
/* End PBXFrameworksBuildPhase section */

/* Begin PBXGroup section */
		63D16B2E2A2F10C300A730D3 = {
			isa = PBXGroup;
			children = (
				63D16B6D2A2F3AF000A730D3 /* MusicAPI */,
				63D16B392A2F10C300A730D3 /* MusicApp */,
				63D16B532A2F10C400A730D3 /* MusicAppTests */,
				63D16B5D2A2F10C400A730D3 /* MusicAppUITests */,
				63D16B382A2F10C300A730D3 /* Products */,
				63D16B762A2FA88C00A730D3 /* Frameworks */,
			);
			sourceTree = "<group>";
		};
		63D16B382A2F10C300A730D3 /* Products */ = {
			isa = PBXGroup;
			children = (
				63D16B372A2F10C300A730D3 /* MusicApp.app */,
				63D16B502A2F10C400A730D3 /* MusicAppTests.xctest */,
				63D16B5A2A2F10C400A730D3 /* MusicAppUITests.xctest */,
			);
			name = Products;
			sourceTree = "<group>";
		};
		63D16B392A2F10C300A730D3 /* MusicApp */ = {
			isa = PBXGroup;
			children = (
				63D16BA62A34482C00A730D3 /* Base */,
				63D16B972A33722300A730D3 /* DetailModule */,
				63D16B822A30BBAF00A730D3 /* SearchModule */,
				63D16B812A30BB3000A730D3 /* Storyboards */,
				63D16B802A30BB0B00A730D3 /* App */,
				63D16B712A2FA3E200A730D3 /* Extensions */,
				63D16B4B2A2F10C400A730D3 /* Info.plist */,
			);
			path = MusicApp;
			sourceTree = "<group>";
		};
		63D16B532A2F10C400A730D3 /* MusicAppTests */ = {
			isa = PBXGroup;
			children = (
				63D16B542A2F10C400A730D3 /* MusicAppTests.swift */,
			);
			path = MusicAppTests;
			sourceTree = "<group>";
		};
		63D16B5D2A2F10C400A730D3 /* MusicAppUITests */ = {
			isa = PBXGroup;
			children = (
				63D16B5E2A2F10C400A730D3 /* MusicAppUITests.swift */,
				63D16B602A2F10C400A730D3 /* MusicAppUITestsLaunchTests.swift */,
			);
			path = MusicAppUITests;
			sourceTree = "<group>";
		};
		63D16B712A2FA3E200A730D3 /* Extensions */ = {
			isa = PBXGroup;
			children = (
				63D16B722A2FA43C00A730D3 /* CollectionView+Extension.swift */,
				63D16B742A2FA65E00A730D3 /* UICollectionViewCell+Extension.swift */,
				63D16BAD2A3601ED00A730D3 /* ClassName+Extensions.swift */,
				63D16BAF2A36029200A730D3 /* Collection+Extensions.swift */,
				63D16BB12A3602E800A730D3 /* UICollectionView+Extensions.swift */,
			);
			path = Extensions;
			sourceTree = "<group>";
		};
		63D16B762A2FA88C00A730D3 /* Frameworks */ = {
			isa = PBXGroup;
			children = (
			);
			name = Frameworks;
			sourceTree = "<group>";
		};
		63D16B802A30BB0B00A730D3 /* App */ = {
			isa = PBXGroup;
			children = (
				63D16B3A2A2F10C300A730D3 /* AppDelegate.swift */,
				63D16B3C2A2F10C300A730D3 /* SceneDelegate.swift */,
				63D16B462A2F10C400A730D3 /* Assets.xcassets */,
				63D16B432A2F10C300A730D3 /* MusicApp.xcdatamodeld */,
			);
			path = App;
			sourceTree = "<group>";
		};
		63D16B812A30BB3000A730D3 /* Storyboards */ = {
			isa = PBXGroup;
			children = (
				63D16B402A2F10C300A730D3 /* Main.storyboard */,
				63D16B482A2F10C400A730D3 /* LaunchScreen.storyboard */,
			);
			path = Storyboards;
			sourceTree = "<group>";
		};
		63D16B822A30BBAF00A730D3 /* SearchModule */ = {
			isa = PBXGroup;
			children = (
				63D16B872A30BC2600A730D3 /* Interactor */,
				63D16B862A30BC1700A730D3 /* Presenter */,
				63D16B842A30BBF400A730D3 /* Router */,
				63D16B832A30BBDE00A730D3 /* View */,
			);
			path = SearchModule;
			sourceTree = "<group>";
		};
		63D16B832A30BBDE00A730D3 /* View */ = {
			isa = PBXGroup;
			children = (
				63D16B3E2A2F10C300A730D3 /* SearchViewController.swift */,
				63D16B7C2A30B6D700A730D3 /* SearchCell.swift */,
				63D16BB32A36048900A730D3 /* SearchCellPresenter.swift */,
			);
			path = View;
			sourceTree = "<group>";
		};
		63D16B842A30BBF400A730D3 /* Router */ = {
			isa = PBXGroup;
			children = (
				63D16B8E2A3126D900A730D3 /* SearchRouter.swift */,
			);
			path = Router;
			sourceTree = "<group>";
		};
		63D16B862A30BC1700A730D3 /* Presenter */ = {
			isa = PBXGroup;
			children = (
				63D16B8C2A31264800A730D3 /* SearchPresenter.swift */,
			);
			path = Presenter;
			sourceTree = "<group>";
		};
		63D16B872A30BC2600A730D3 /* Interactor */ = {
			isa = PBXGroup;
			children = (
				63D16B8A2A3121CB00A730D3 /* SearchInteractor.swift */,
			);
			path = Interactor;
			sourceTree = "<group>";
		};
		63D16B972A33722300A730D3 /* DetailModule */ = {
			isa = PBXGroup;
			children = (
				63D16BA32A33C51E00A730D3 /* Router */,
				63D16BA02A33C4C500A730D3 /* Presenter */,
				63D16B9D2A33C31F00A730D3 /* Interactor */,
				63D16B9C2A33C2EE00A730D3 /* View */,
			);
			path = DetailModule;
			sourceTree = "<group>";
		};
		63D16B9C2A33C2EE00A730D3 /* View */ = {
			isa = PBXGroup;
			children = (
				63D16B982A33726400A730D3 /* DetailViewController.swift */,
				63D16B992A33726400A730D3 /* DetailViewController.xib */,
			);
			path = View;
			sourceTree = "<group>";
		};
		63D16B9D2A33C31F00A730D3 /* Interactor */ = {
			isa = PBXGroup;
			children = (
				63D16B9E2A33C34800A730D3 /* DetailInteractor.swift */,
			);
			path = Interactor;
			sourceTree = "<group>";
		};
		63D16BA02A33C4C500A730D3 /* Presenter */ = {
			isa = PBXGroup;
			children = (
				63D16BA12A33C4E200A730D3 /* DetailPresenter.swift */,
			);
			path = Presenter;
			sourceTree = "<group>";
		};
		63D16BA32A33C51E00A730D3 /* Router */ = {
			isa = PBXGroup;
			children = (
				63D16BA42A33C54000A730D3 /* DetailRouter.swift */,
			);
			path = Router;
			sourceTree = "<group>";
		};
		63D16BA62A34482C00A730D3 /* Base */ = {
			isa = PBXGroup;
			children = (
				63D16BA72A34484B00A730D3 /* BaseViewController.swift */,
			);
			path = Base;
			sourceTree = "<group>";
		};
/* End PBXGroup section */

/* Begin PBXNativeTarget section */
		63D16B362A2F10C300A730D3 /* MusicApp */ = {
			isa = PBXNativeTarget;
			buildConfigurationList = 63D16B642A2F10C400A730D3 /* Build configuration list for PBXNativeTarget "MusicApp" */;
			buildPhases = (
				63D16B332A2F10C300A730D3 /* Sources */,
				63D16B342A2F10C300A730D3 /* Frameworks */,
				63D16B352A2F10C300A730D3 /* Resources */,
			);
			buildRules = (
			);
			dependencies = (
			);
			name = MusicApp;
			packageProductDependencies = (
				63D16B772A2FA88C00A730D3 /* MusicAPI */,
				63D16B912A31F33000A730D3 /* SDWebImage */,
			);
			productName = MusicApp;
			productReference = 63D16B372A2F10C300A730D3 /* MusicApp.app */;
			productType = "com.apple.product-type.application";
		};
		63D16B4F2A2F10C400A730D3 /* MusicAppTests */ = {
			isa = PBXNativeTarget;
			buildConfigurationList = 63D16B672A2F10C400A730D3 /* Build configuration list for PBXNativeTarget "MusicAppTests" */;
			buildPhases = (
				63D16B4C2A2F10C400A730D3 /* Sources */,
				63D16B4D2A2F10C400A730D3 /* Frameworks */,
				63D16B4E2A2F10C400A730D3 /* Resources */,
			);
			buildRules = (
			);
			dependencies = (
				63D16B522A2F10C400A730D3 /* PBXTargetDependency */,
			);
			name = MusicAppTests;
			packageProductDependencies = (
				63C43ED32A3CE5B800013568 /* SDWebImage */,
			);
			productName = MusicAppTests;
			productReference = 63D16B502A2F10C400A730D3 /* MusicAppTests.xctest */;
			productType = "com.apple.product-type.bundle.unit-test";
		};
		63D16B592A2F10C400A730D3 /* MusicAppUITests */ = {
			isa = PBXNativeTarget;
			buildConfigurationList = 63D16B6A2A2F10C400A730D3 /* Build configuration list for PBXNativeTarget "MusicAppUITests" */;
			buildPhases = (
				63D16B562A2F10C400A730D3 /* Sources */,
				63D16B572A2F10C400A730D3 /* Frameworks */,
				63D16B582A2F10C400A730D3 /* Resources */,
			);
			buildRules = (
			);
			dependencies = (
				63D16B5C2A2F10C400A730D3 /* PBXTargetDependency */,
			);
			name = MusicAppUITests;
			productName = MusicAppUITests;
			productReference = 63D16B5A2A2F10C400A730D3 /* MusicAppUITests.xctest */;
			productType = "com.apple.product-type.bundle.ui-testing";
		};
/* End PBXNativeTarget section */

/* Begin PBXProject section */
		63D16B2F2A2F10C300A730D3 /* Project object */ = {
			isa = PBXProject;
			attributes = {
				BuildIndependentTargetsInParallel = 1;
				LastSwiftUpdateCheck = 1420;
				LastUpgradeCheck = 1420;
				TargetAttributes = {
					63D16B362A2F10C300A730D3 = {
						CreatedOnToolsVersion = 14.2;
					};
					63D16B4F2A2F10C400A730D3 = {
						CreatedOnToolsVersion = 14.2;
						TestTargetID = 63D16B362A2F10C300A730D3;
					};
					63D16B592A2F10C400A730D3 = {
						CreatedOnToolsVersion = 14.2;
						TestTargetID = 63D16B362A2F10C300A730D3;
					};
				};
			};
			buildConfigurationList = 63D16B322A2F10C300A730D3 /* Build configuration list for PBXProject "MusicApp" */;
			compatibilityVersion = "Xcode 14.0";
			developmentRegion = en;
			hasScannedForEncodings = 0;
			knownRegions = (
				en,
				Base,
			);
			mainGroup = 63D16B2E2A2F10C300A730D3;
			packageReferences = (
				63D16B902A31F33000A730D3 /* XCRemoteSwiftPackageReference "SDWebImage" */,
			);
			productRefGroup = 63D16B382A2F10C300A730D3 /* Products */;
			projectDirPath = "";
			projectRoot = "";
			targets = (
				63D16B362A2F10C300A730D3 /* MusicApp */,
				63D16B4F2A2F10C400A730D3 /* MusicAppTests */,
				63D16B592A2F10C400A730D3 /* MusicAppUITests */,
			);
		};
/* End PBXProject section */

/* Begin PBXResourcesBuildPhase section */
		63D16B352A2F10C300A730D3 /* Resources */ = {
			isa = PBXResourcesBuildPhase;
			buildActionMask = 2147483647;
			files = (
				63D16B9B2A33726400A730D3 /* DetailViewController.xib in Resources */,
				63D16BB52A38399400A730D3 /* Main.storyboard in Resources */,
				63D16B4A2A2F10C400A730D3 /* LaunchScreen.storyboard in Resources */,
				63D16B472A2F10C400A730D3 /* Assets.xcassets in Resources */,
			);
			runOnlyForDeploymentPostprocessing = 0;
		};
		63D16B4E2A2F10C400A730D3 /* Resources */ = {
			isa = PBXResourcesBuildPhase;
			buildActionMask = 2147483647;
			files = (
			);
			runOnlyForDeploymentPostprocessing = 0;
		};
		63D16B582A2F10C400A730D3 /* Resources */ = {
			isa = PBXResourcesBuildPhase;
			buildActionMask = 2147483647;
			files = (
			);
			runOnlyForDeploymentPostprocessing = 0;
		};
/* End PBXResourcesBuildPhase section */

/* Begin PBXSourcesBuildPhase section */
		63D16B332A2F10C300A730D3 /* Sources */ = {
			isa = PBXSourcesBuildPhase;
			buildActionMask = 2147483647;
			files = (
				63D16B3F2A2F10C300A730D3 /* SearchViewController.swift in Sources */,
				63D16BA52A33C54000A730D3 /* DetailRouter.swift in Sources */,
				63D16B3B2A2F10C300A730D3 /* AppDelegate.swift in Sources */,
				63D16B9A2A33726400A730D3 /* DetailViewController.swift in Sources */,
				63D16B8F2A3126D900A730D3 /* SearchRouter.swift in Sources */,
				63D16B8D2A31264800A730D3 /* SearchPresenter.swift in Sources */,
				63D16BA82A34484B00A730D3 /* BaseViewController.swift in Sources */,
				63D16B7E2A30B6D700A730D3 /* SearchCell.swift in Sources */,
				63D16BB02A36029200A730D3 /* Collection+Extensions.swift in Sources */,
				63D16BAE2A3601ED00A730D3 /* ClassName+Extensions.swift in Sources */,
				63D16B8B2A3121CB00A730D3 /* SearchInteractor.swift in Sources */,
				63D16BA22A33C4E200A730D3 /* DetailPresenter.swift in Sources */,
				63D16BB22A3602E800A730D3 /* UICollectionView+Extensions.swift in Sources */,
				63D16B752A2FA65E00A730D3 /* UICollectionViewCell+Extension.swift in Sources */,
				63D16B3D2A2F10C300A730D3 /* SceneDelegate.swift in Sources */,
				63D16B9F2A33C34800A730D3 /* DetailInteractor.swift in Sources */,
				63D16B732A2FA43C00A730D3 /* CollectionView+Extension.swift in Sources */,
				63D16BB42A36048900A730D3 /* SearchCellPresenter.swift in Sources */,
				63D16B452A2F10C300A730D3 /* MusicApp.xcdatamodeld in Sources */,
			);
			runOnlyForDeploymentPostprocessing = 0;
		};
		63D16B4C2A2F10C400A730D3 /* Sources */ = {
			isa = PBXSourcesBuildPhase;
			buildActionMask = 2147483647;
			files = (
				63D16B552A2F10C400A730D3 /* MusicAppTests.swift in Sources */,
			);
			runOnlyForDeploymentPostprocessing = 0;
		};
		63D16B562A2F10C400A730D3 /* Sources */ = {
			isa = PBXSourcesBuildPhase;
			buildActionMask = 2147483647;
			files = (
				63D16B612A2F10C400A730D3 /* MusicAppUITestsLaunchTests.swift in Sources */,
				63D16B5F2A2F10C400A730D3 /* MusicAppUITests.swift in Sources */,
			);
			runOnlyForDeploymentPostprocessing = 0;
		};
/* End PBXSourcesBuildPhase section */

/* Begin PBXTargetDependency section */
		63D16B522A2F10C400A730D3 /* PBXTargetDependency */ = {
			isa = PBXTargetDependency;
			target = 63D16B362A2F10C300A730D3 /* MusicApp */;
			targetProxy = 63D16B512A2F10C400A730D3 /* PBXContainerItemProxy */;
		};
		63D16B5C2A2F10C400A730D3 /* PBXTargetDependency */ = {
			isa = PBXTargetDependency;
			target = 63D16B362A2F10C300A730D3 /* MusicApp */;
			targetProxy = 63D16B5B2A2F10C400A730D3 /* PBXContainerItemProxy */;
		};
/* End PBXTargetDependency section */

/* Begin PBXVariantGroup section */
		63D16B402A2F10C300A730D3 /* Main.storyboard */ = {
			isa = PBXVariantGroup;
			children = (
				63D16B412A2F10C300A730D3 /* Base */,
			);
			name = Main.storyboard;
			sourceTree = "<group>";
		};
		63D16B482A2F10C400A730D3 /* LaunchScreen.storyboard */ = {
			isa = PBXVariantGroup;
			children = (
				63D16B492A2F10C400A730D3 /* Base */,
			);
			name = LaunchScreen.storyboard;
			sourceTree = "<group>";
		};
/* End PBXVariantGroup section */

/* Begin XCBuildConfiguration section */
		63D16B622A2F10C400A730D3 /* Debug */ = {
			isa = XCBuildConfiguration;
			buildSettings = {
				ALWAYS_SEARCH_USER_PATHS = NO;
				CLANG_ANALYZER_NONNULL = YES;
				CLANG_ANALYZER_NUMBER_OBJECT_CONVERSION = YES_AGGRESSIVE;
				CLANG_CXX_LANGUAGE_STANDARD = "gnu++20";
				CLANG_ENABLE_MODULES = YES;
				CLANG_ENABLE_OBJC_ARC = YES;
				CLANG_ENABLE_OBJC_WEAK = YES;
				CLANG_WARN_BLOCK_CAPTURE_AUTORELEASING = YES;
				CLANG_WARN_BOOL_CONVERSION = YES;
				CLANG_WARN_COMMA = YES;
				CLANG_WARN_CONSTANT_CONVERSION = YES;
				CLANG_WARN_DEPRECATED_OBJC_IMPLEMENTATIONS = YES;
				CLANG_WARN_DIRECT_OBJC_ISA_USAGE = YES_ERROR;
				CLANG_WARN_DOCUMENTATION_COMMENTS = YES;
				CLANG_WARN_EMPTY_BODY = YES;
				CLANG_WARN_ENUM_CONVERSION = YES;
				CLANG_WARN_INFINITE_RECURSION = YES;
				CLANG_WARN_INT_CONVERSION = YES;
				CLANG_WARN_NON_LITERAL_NULL_CONVERSION = YES;
				CLANG_WARN_OBJC_IMPLICIT_RETAIN_SELF = YES;
				CLANG_WARN_OBJC_LITERAL_CONVERSION = YES;
				CLANG_WARN_OBJC_ROOT_CLASS = YES_ERROR;
				CLANG_WARN_QUOTED_INCLUDE_IN_FRAMEWORK_HEADER = YES;
				CLANG_WARN_RANGE_LOOP_ANALYSIS = YES;
				CLANG_WARN_STRICT_PROTOTYPES = YES;
				CLANG_WARN_SUSPICIOUS_MOVE = YES;
				CLANG_WARN_UNGUARDED_AVAILABILITY = YES_AGGRESSIVE;
				CLANG_WARN_UNREACHABLE_CODE = YES;
				CLANG_WARN__DUPLICATE_METHOD_MATCH = YES;
				COPY_PHASE_STRIP = NO;
				DEBUG_INFORMATION_FORMAT = dwarf;
				ENABLE_STRICT_OBJC_MSGSEND = YES;
				ENABLE_TESTABILITY = YES;
				GCC_C_LANGUAGE_STANDARD = gnu11;
				GCC_DYNAMIC_NO_PIC = NO;
				GCC_NO_COMMON_BLOCKS = YES;
				GCC_OPTIMIZATION_LEVEL = 0;
				GCC_PREPROCESSOR_DEFINITIONS = (
					"DEBUG=1",
					"$(inherited)",
				);
				GCC_WARN_64_TO_32_BIT_CONVERSION = YES;
				GCC_WARN_ABOUT_RETURN_TYPE = YES_ERROR;
				GCC_WARN_UNDECLARED_SELECTOR = YES;
				GCC_WARN_UNINITIALIZED_AUTOS = YES_AGGRESSIVE;
				GCC_WARN_UNUSED_FUNCTION = YES;
				GCC_WARN_UNUSED_VARIABLE = YES;
				IPHONEOS_DEPLOYMENT_TARGET = 16.2;
				MTL_ENABLE_DEBUG_INFO = INCLUDE_SOURCE;
				MTL_FAST_MATH = YES;
				ONLY_ACTIVE_ARCH = YES;
				SDKROOT = iphoneos;
				SWIFT_ACTIVE_COMPILATION_CONDITIONS = DEBUG;
				SWIFT_OPTIMIZATION_LEVEL = "-Onone";
			};
			name = Debug;
		};
		63D16B632A2F10C400A730D3 /* Release */ = {
			isa = XCBuildConfiguration;
			buildSettings = {
				ALWAYS_SEARCH_USER_PATHS = NO;
				CLANG_ANALYZER_NONNULL = YES;
				CLANG_ANALYZER_NUMBER_OBJECT_CONVERSION = YES_AGGRESSIVE;
				CLANG_CXX_LANGUAGE_STANDARD = "gnu++20";
				CLANG_ENABLE_MODULES = YES;
				CLANG_ENABLE_OBJC_ARC = YES;
				CLANG_ENABLE_OBJC_WEAK = YES;
				CLANG_WARN_BLOCK_CAPTURE_AUTORELEASING = YES;
				CLANG_WARN_BOOL_CONVERSION = YES;
				CLANG_WARN_COMMA = YES;
				CLANG_WARN_CONSTANT_CONVERSION = YES;
				CLANG_WARN_DEPRECATED_OBJC_IMPLEMENTATIONS = YES;
				CLANG_WARN_DIRECT_OBJC_ISA_USAGE = YES_ERROR;
				CLANG_WARN_DOCUMENTATION_COMMENTS = YES;
				CLANG_WARN_EMPTY_BODY = YES;
				CLANG_WARN_ENUM_CONVERSION = YES;
				CLANG_WARN_INFINITE_RECURSION = YES;
				CLANG_WARN_INT_CONVERSION = YES;
				CLANG_WARN_NON_LITERAL_NULL_CONVERSION = YES;
				CLANG_WARN_OBJC_IMPLICIT_RETAIN_SELF = YES;
				CLANG_WARN_OBJC_LITERAL_CONVERSION = YES;
				CLANG_WARN_OBJC_ROOT_CLASS = YES_ERROR;
				CLANG_WARN_QUOTED_INCLUDE_IN_FRAMEWORK_HEADER = YES;
				CLANG_WARN_RANGE_LOOP_ANALYSIS = YES;
				CLANG_WARN_STRICT_PROTOTYPES = YES;
				CLANG_WARN_SUSPICIOUS_MOVE = YES;
				CLANG_WARN_UNGUARDED_AVAILABILITY = YES_AGGRESSIVE;
				CLANG_WARN_UNREACHABLE_CODE = YES;
				CLANG_WARN__DUPLICATE_METHOD_MATCH = YES;
				COPY_PHASE_STRIP = NO;
				DEBUG_INFORMATION_FORMAT = "dwarf-with-dsym";
				ENABLE_NS_ASSERTIONS = NO;
				ENABLE_STRICT_OBJC_MSGSEND = YES;
				GCC_C_LANGUAGE_STANDARD = gnu11;
				GCC_NO_COMMON_BLOCKS = YES;
				GCC_WARN_64_TO_32_BIT_CONVERSION = YES;
				GCC_WARN_ABOUT_RETURN_TYPE = YES_ERROR;
				GCC_WARN_UNDECLARED_SELECTOR = YES;
				GCC_WARN_UNINITIALIZED_AUTOS = YES_AGGRESSIVE;
				GCC_WARN_UNUSED_FUNCTION = YES;
				GCC_WARN_UNUSED_VARIABLE = YES;
				IPHONEOS_DEPLOYMENT_TARGET = 16.2;
				MTL_ENABLE_DEBUG_INFO = NO;
				MTL_FAST_MATH = YES;
				SDKROOT = iphoneos;
				SWIFT_COMPILATION_MODE = wholemodule;
				SWIFT_OPTIMIZATION_LEVEL = "-O";
				VALIDATE_PRODUCT = YES;
			};
			name = Release;
		};
		63D16B652A2F10C400A730D3 /* Debug */ = {
			isa = XCBuildConfiguration;
			buildSettings = {
				ASSETCATALOG_COMPILER_APPICON_NAME = AppIcon;
				ASSETCATALOG_COMPILER_GLOBAL_ACCENT_COLOR_NAME = AccentColor;
				CODE_SIGN_STYLE = Automatic;
				CURRENT_PROJECT_VERSION = 1;
				GENERATE_INFOPLIST_FILE = YES;
				INFOPLIST_FILE = MusicApp/Info.plist;
				INFOPLIST_KEY_UIApplicationSupportsIndirectInputEvents = YES;
				INFOPLIST_KEY_UILaunchStoryboardName = LaunchScreen;
				INFOPLIST_KEY_UIMainStoryboardFile = Main;
				INFOPLIST_KEY_UISupportedInterfaceOrientations_iPad = "UIInterfaceOrientationPortrait UIInterfaceOrientationPortraitUpsideDown UIInterfaceOrientationLandscapeLeft UIInterfaceOrientationLandscapeRight";
				INFOPLIST_KEY_UISupportedInterfaceOrientations_iPhone = "UIInterfaceOrientationPortrait UIInterfaceOrientationLandscapeLeft UIInterfaceOrientationLandscapeRight";
				IPHONEOS_DEPLOYMENT_TARGET = 13.0;
				LD_RUNPATH_SEARCH_PATHS = (
					"$(inherited)",
					"@executable_path/Frameworks",
				);
				MARKETING_VERSION = 1.0;
				PRODUCT_BUNDLE_IDENTIFIER = com.eminesinemgursoy.MusicApp;
				PRODUCT_NAME = "$(TARGET_NAME)";
				SWIFT_EMIT_LOC_STRINGS = YES;
				SWIFT_VERSION = 5.0;
				TARGETED_DEVICE_FAMILY = "1,2";
			};
			name = Debug;
		};
		63D16B662A2F10C400A730D3 /* Release */ = {
			isa = XCBuildConfiguration;
			buildSettings = {
				ASSETCATALOG_COMPILER_APPICON_NAME = AppIcon;
				ASSETCATALOG_COMPILER_GLOBAL_ACCENT_COLOR_NAME = AccentColor;
				CODE_SIGN_STYLE = Automatic;
				CURRENT_PROJECT_VERSION = 1;
				GENERATE_INFOPLIST_FILE = YES;
				INFOPLIST_FILE = MusicApp/Info.plist;
				INFOPLIST_KEY_UIApplicationSupportsIndirectInputEvents = YES;
				INFOPLIST_KEY_UILaunchStoryboardName = LaunchScreen;
				INFOPLIST_KEY_UIMainStoryboardFile = Main;
				INFOPLIST_KEY_UISupportedInterfaceOrientations_iPad = "UIInterfaceOrientationPortrait UIInterfaceOrientationPortraitUpsideDown UIInterfaceOrientationLandscapeLeft UIInterfaceOrientationLandscapeRight";
				INFOPLIST_KEY_UISupportedInterfaceOrientations_iPhone = "UIInterfaceOrientationPortrait UIInterfaceOrientationLandscapeLeft UIInterfaceOrientationLandscapeRight";
				IPHONEOS_DEPLOYMENT_TARGET = 13.0;
				LD_RUNPATH_SEARCH_PATHS = (
					"$(inherited)",
					"@executable_path/Frameworks",
				);
				MARKETING_VERSION = 1.0;
				PRODUCT_BUNDLE_IDENTIFIER = com.eminesinemgursoy.MusicApp;
				PRODUCT_NAME = "$(TARGET_NAME)";
				SWIFT_EMIT_LOC_STRINGS = YES;
				SWIFT_VERSION = 5.0;
				TARGETED_DEVICE_FAMILY = "1,2";
			};
			name = Release;
		};
		63D16B682A2F10C400A730D3 /* Debug */ = {
			isa = XCBuildConfiguration;
			buildSettings = {
				ALWAYS_EMBED_SWIFT_STANDARD_LIBRARIES = YES;
				BUNDLE_LOADER = "$(TEST_HOST)";
				CODE_SIGN_STYLE = Automatic;
				CURRENT_PROJECT_VERSION = 1;
				GENERATE_INFOPLIST_FILE = YES;
				IPHONEOS_DEPLOYMENT_TARGET = 16.2;
				MARKETING_VERSION = 1.0;
				PRODUCT_BUNDLE_IDENTIFIER = com.eminesinemgursoy.MusicAppTests;
				PRODUCT_NAME = "$(TARGET_NAME)";
				SWIFT_EMIT_LOC_STRINGS = NO;
				SWIFT_VERSION = 5.0;
				TARGETED_DEVICE_FAMILY = "1,2";
				TEST_HOST = "$(BUILT_PRODUCTS_DIR)/MusicApp.app/$(BUNDLE_EXECUTABLE_FOLDER_PATH)/MusicApp";
			};
			name = Debug;
		};
		63D16B692A2F10C400A730D3 /* Release */ = {
			isa = XCBuildConfiguration;
			buildSettings = {
				ALWAYS_EMBED_SWIFT_STANDARD_LIBRARIES = YES;
				BUNDLE_LOADER = "$(TEST_HOST)";
				CODE_SIGN_STYLE = Automatic;
				CURRENT_PROJECT_VERSION = 1;
				GENERATE_INFOPLIST_FILE = YES;
				IPHONEOS_DEPLOYMENT_TARGET = 16.2;
				MARKETING_VERSION = 1.0;
				PRODUCT_BUNDLE_IDENTIFIER = com.eminesinemgursoy.MusicAppTests;
				PRODUCT_NAME = "$(TARGET_NAME)";
				SWIFT_EMIT_LOC_STRINGS = NO;
				SWIFT_VERSION = 5.0;
				TARGETED_DEVICE_FAMILY = "1,2";
				TEST_HOST = "$(BUILT_PRODUCTS_DIR)/MusicApp.app/$(BUNDLE_EXECUTABLE_FOLDER_PATH)/MusicApp";
			};
			name = Release;
		};
		63D16B6B2A2F10C400A730D3 /* Debug */ = {
			isa = XCBuildConfiguration;
			buildSettings = {
				ALWAYS_EMBED_SWIFT_STANDARD_LIBRARIES = YES;
				CODE_SIGN_STYLE = Automatic;
				CURRENT_PROJECT_VERSION = 1;
				GENERATE_INFOPLIST_FILE = YES;
				MARKETING_VERSION = 1.0;
				PRODUCT_BUNDLE_IDENTIFIER = com.eminesinemgursoy.MusicAppUITests;
				PRODUCT_NAME = "$(TARGET_NAME)";
				SWIFT_EMIT_LOC_STRINGS = NO;
				SWIFT_VERSION = 5.0;
				TARGETED_DEVICE_FAMILY = "1,2";
				TEST_TARGET_NAME = MusicApp;
			};
			name = Debug;
		};
		63D16B6C2A2F10C400A730D3 /* Release */ = {
			isa = XCBuildConfiguration;
			buildSettings = {
				ALWAYS_EMBED_SWIFT_STANDARD_LIBRARIES = YES;
				CODE_SIGN_STYLE = Automatic;
				CURRENT_PROJECT_VERSION = 1;
				GENERATE_INFOPLIST_FILE = YES;
				MARKETING_VERSION = 1.0;
				PRODUCT_BUNDLE_IDENTIFIER = com.eminesinemgursoy.MusicAppUITests;
				PRODUCT_NAME = "$(TARGET_NAME)";
				SWIFT_EMIT_LOC_STRINGS = NO;
				SWIFT_VERSION = 5.0;
				TARGETED_DEVICE_FAMILY = "1,2";
				TEST_TARGET_NAME = MusicApp;
			};
			name = Release;
		};
/* End XCBuildConfiguration section */

/* Begin XCConfigurationList section */
		63D16B322A2F10C300A730D3 /* Build configuration list for PBXProject "MusicApp" */ = {
			isa = XCConfigurationList;
			buildConfigurations = (
				63D16B622A2F10C400A730D3 /* Debug */,
				63D16B632A2F10C400A730D3 /* Release */,
			);
			defaultConfigurationIsVisible = 0;
			defaultConfigurationName = Release;
		};
		63D16B642A2F10C400A730D3 /* Build configuration list for PBXNativeTarget "MusicApp" */ = {
			isa = XCConfigurationList;
			buildConfigurations = (
				63D16B652A2F10C400A730D3 /* Debug */,
				63D16B662A2F10C400A730D3 /* Release */,
			);
			defaultConfigurationIsVisible = 0;
			defaultConfigurationName = Release;
		};
		63D16B672A2F10C400A730D3 /* Build configuration list for PBXNativeTarget "MusicAppTests" */ = {
			isa = XCConfigurationList;
			buildConfigurations = (
				63D16B682A2F10C400A730D3 /* Debug */,
				63D16B692A2F10C400A730D3 /* Release */,
			);
			defaultConfigurationIsVisible = 0;
			defaultConfigurationName = Release;
		};
		63D16B6A2A2F10C400A730D3 /* Build configuration list for PBXNativeTarget "MusicAppUITests" */ = {
			isa = XCConfigurationList;
			buildConfigurations = (
				63D16B6B2A2F10C400A730D3 /* Debug */,
				63D16B6C2A2F10C400A730D3 /* Release */,
			);
			defaultConfigurationIsVisible = 0;
			defaultConfigurationName = Release;
		};
/* End XCConfigurationList section */

/* Begin XCRemoteSwiftPackageReference section */
		63D16B902A31F33000A730D3 /* XCRemoteSwiftPackageReference "SDWebImage" */ = {
			isa = XCRemoteSwiftPackageReference;
			repositoryURL = "https://github.com/SDWebImage/SDWebImage";
			requirement = {
				kind = upToNextMajorVersion;
				minimumVersion = 5.0.0;
			};
		};
/* End XCRemoteSwiftPackageReference section */

/* Begin XCSwiftPackageProductDependency section */
		63C43ED32A3CE5B800013568 /* SDWebImage */ = {
			isa = XCSwiftPackageProductDependency;
			package = 63D16B902A31F33000A730D3 /* XCRemoteSwiftPackageReference "SDWebImage" */;
			productName = SDWebImage;
		};
		63D16B772A2FA88C00A730D3 /* MusicAPI */ = {
			isa = XCSwiftPackageProductDependency;
			productName = MusicAPI;
		};
		63D16B912A31F33000A730D3 /* SDWebImage */ = {
			isa = XCSwiftPackageProductDependency;
			package = 63D16B902A31F33000A730D3 /* XCRemoteSwiftPackageReference "SDWebImage" */;
			productName = SDWebImage;
		};
/* End XCSwiftPackageProductDependency section */

/* Begin XCVersionGroup section */
		63D16B432A2F10C300A730D3 /* MusicApp.xcdatamodeld */ = {
			isa = XCVersionGroup;
			children = (
				63D16B442A2F10C300A730D3 /* MusicApp.xcdatamodel */,
			);
			currentVersion = 63D16B442A2F10C300A730D3 /* MusicApp.xcdatamodel */;
			path = MusicApp.xcdatamodeld;
			sourceTree = "<group>";
			versionGroupType = wrapper.xcdatamodel;
		};
/* End XCVersionGroup section */
	};
	rootObject = 63D16B2F2A2F10C300A730D3 /* Project object */;
}
